// !$*UTF8*$!
{
	archiveVersion = 1;
	classes = {
	};
	objectVersion = 48;
	objects = {

/* Begin PBXBuildFile section */
		27BD7A01207D0FA100D7F96E /* main.m in Sources */ = {isa = PBXBuildFile; fileRef = 27BD7A00207D0FA100D7F96E /* main.m */; };
		27BD7A09207D114A00D7F96E /* Question.m in Sources */ = {isa = PBXBuildFile; fileRef = 27BD7A08207D114A00D7F96E /* Question.m */; };
		27BD7A0C207D206200D7F96E /* InputHandler.m in Sources */ = {isa = PBXBuildFile; fileRef = 27BD7A0B207D206200D7F96E /* InputHandler.m */; };
		27BD7A0F207D23DC00D7F96E /* ScoreKeeper.m in Sources */ = {isa = PBXBuildFile; fileRef = 27BD7A0E207D23DC00D7F96E /* ScoreKeeper.m */; };
		27BD7A2E207D9C9900D7F96E /* QuestionManager.m in Sources */ = {isa = PBXBuildFile; fileRef = 27BD7A2D207D9C9900D7F96E /* QuestionManager.m */; };
		27BD7A4D207E6CBF00D7F96E /* DivisionQuestion.m in Sources */ = {isa = PBXBuildFile; fileRef = 27BD7A4C207E6CBF00D7F96E /* DivisionQuestion.m */; };
		27BD7A50207E6EA900D7F96E /* SubtractionQuestion.m in Sources */ = {isa = PBXBuildFile; fileRef = 27BD7A4F207E6EA900D7F96E /* SubtractionQuestion.m */; };
		27BD7A53207E6EED00D7F96E /* AdditionQuestion.m in Sources */ = {isa = PBXBuildFile; fileRef = 27BD7A52207E6EED00D7F96E /* AdditionQuestion.m */; };
		27BD7A56207E6F0D00D7F96E /* MultiplicationQuestion.m in Sources */ = {isa = PBXBuildFile; fileRef = 27BD7A55207E6F0D00D7F96E /* MultiplicationQuestion.m */; };
		27BD7A62207E738900D7F96E /* QuestionFactory.m in Sources */ = {isa = PBXBuildFile; fileRef = 27BD7A61207E738900D7F96E /* QuestionFactory.m */; };
/* End PBXBuildFile section */

/* Begin PBXCopyFilesBuildPhase section */
		27BD79FB207D0FA100D7F96E /* CopyFiles */ = {
			isa = PBXCopyFilesBuildPhase;
			buildActionMask = 2147483647;
			dstPath = /usr/share/man/man1/;
			dstSubfolderSpec = 0;
			files = (
			);
			runOnlyForDeploymentPostprocessing = 1;
		};
/* End PBXCopyFilesBuildPhase section */

/* Begin PBXFileReference section */
		27BD79FD207D0FA100D7F96E /* Maths */ = {isa = PBXFileReference; explicitFileType = "compiled.mach-o.executable"; includeInIndex = 0; path = Maths; sourceTree = BUILT_PRODUCTS_DIR; };
		27BD7A00207D0FA100D7F96E /* main.m */ = {isa = PBXFileReference; lastKnownFileType = sourcecode.c.objc; path = main.m; sourceTree = "<group>"; };
		27BD7A07207D114A00D7F96E /* Question.h */ = {isa = PBXFileReference; lastKnownFileType = sourcecode.c.h; path = Question.h; sourceTree = "<group>"; };
		27BD7A08207D114A00D7F96E /* Question.m */ = {isa = PBXFileReference; lastKnownFileType = sourcecode.c.objc; path = Question.m; sourceTree = "<group>"; };
		27BD7A0A207D206200D7F96E /* InputHandler.h */ = {isa = PBXFileReference; lastKnownFileType = sourcecode.c.h; path = InputHandler.h; sourceTree = "<group>"; };
		27BD7A0B207D206200D7F96E /* InputHandler.m */ = {isa = PBXFileReference; lastKnownFileType = sourcecode.c.objc; path = InputHandler.m; sourceTree = "<group>"; };
		27BD7A0D207D23DC00D7F96E /* ScoreKeeper.h */ = {isa = PBXFileReference; lastKnownFileType = sourcecode.c.h; path = ScoreKeeper.h; sourceTree = "<group>"; };
		27BD7A0E207D23DC00D7F96E /* ScoreKeeper.m */ = {isa = PBXFileReference; lastKnownFileType = sourcecode.c.objc; path = ScoreKeeper.m; sourceTree = "<group>"; };
		27BD7A2C207D9C9900D7F96E /* QuestionManager.h */ = {isa = PBXFileReference; lastKnownFileType = sourcecode.c.h; path = QuestionManager.h; sourceTree = "<group>"; };
		27BD7A2D207D9C9900D7F96E /* QuestionManager.m */ = {isa = PBXFileReference; lastKnownFileType = sourcecode.c.objc; path = QuestionManager.m; sourceTree = "<group>"; };
		27BD7A4B207E6CBF00D7F96E /* DivisionQuestion.h */ = {isa = PBXFileReference; lastKnownFileType = sourcecode.c.h; path = DivisionQuestion.h; sourceTree = "<group>"; };
		27BD7A4C207E6CBF00D7F96E /* DivisionQuestion.m */ = {isa = PBXFileReference; lastKnownFileType = sourcecode.c.objc; path = DivisionQuestion.m; sourceTree = "<group>"; };
		27BD7A4E207E6EA900D7F96E /* SubtractionQuestion.h */ = {isa = PBXFileReference; lastKnownFileType = sourcecode.c.h; path = SubtractionQuestion.h; sourceTree = "<group>"; };
		27BD7A4F207E6EA900D7F96E /* SubtractionQuestion.m */ = {isa = PBXFileReference; lastKnownFileType = sourcecode.c.objc; path = SubtractionQuestion.m; sourceTree = "<group>"; };
		27BD7A51207E6EED00D7F96E /* AdditionQuestion.h */ = {isa = PBXFileReference; lastKnownFileType = sourcecode.c.h; path = AdditionQuestion.h; sourceTree = "<group>"; };
		27BD7A52207E6EED00D7F96E /* AdditionQuestion.m */ = {isa = PBXFileReference; lastKnownFileType = sourcecode.c.objc; path = AdditionQuestion.m; sourceTree = "<group>"; };
		27BD7A54207E6F0D00D7F96E /* MultiplicationQuestion.h */ = {isa = PBXFileReference; lastKnownFileType = sourcecode.c.h; path = MultiplicationQuestion.h; sourceTree = "<group>"; };
		27BD7A55207E6F0D00D7F96E /* MultiplicationQuestion.m */ = {isa = PBXFileReference; lastKnownFileType = sourcecode.c.objc; path = MultiplicationQuestion.m; sourceTree = "<group>"; };
		27BD7A60207E738900D7F96E /* QuestionFactory.h */ = {isa = PBXFileReference; lastKnownFileType = sourcecode.c.h; path = QuestionFactory.h; sourceTree = "<group>"; };
		27BD7A61207E738900D7F96E /* QuestionFactory.m */ = {isa = PBXFileReference; lastKnownFileType = sourcecode.c.objc; path = QuestionFactory.m; sourceTree = "<group>"; };
/* End PBXFileReference section */

/* Begin PBXFrameworksBuildPhase section */
		27BD79FA207D0FA100D7F96E /* Frameworks */ = {
			isa = PBXFrameworksBuildPhase;
			buildActionMask = 2147483647;
			files = (
			);
			runOnlyForDeploymentPostprocessing = 0;
		};
/* End PBXFrameworksBuildPhase section */

/* Begin PBXGroup section */
		27BD79F4207D0FA100D7F96E = {
			isa = PBXGroup;
			children = (
				27BD79FF207D0FA100D7F96E /* Maths */,
				27BD79FE207D0FA100D7F96E /* Products */,
			);
			sourceTree = "<group>";
		};
		27BD79FE207D0FA100D7F96E /* Products */ = {
			isa = PBXGroup;
			children = (
				27BD79FD207D0FA100D7F96E /* Maths */,
			);
			name = Products;
			sourceTree = "<group>";
		};
		27BD79FF207D0FA100D7F96E /* Maths */ = {
			isa = PBXGroup;
			children = (
				27BD7A00207D0FA100D7F96E /* main.m */,
				27BD7A2C207D9C9900D7F96E /* QuestionManager.h */,
				27BD7A2D207D9C9900D7F96E /* QuestionManager.m */,
				27BD7A07207D114A00D7F96E /* Question.h */,
				27BD7A08207D114A00D7F96E /* Question.m */,
				27BD7A4B207E6CBF00D7F96E /* DivisionQuestion.h */,
				27BD7A4C207E6CBF00D7F96E /* DivisionQuestion.m */,
				27BD7A0A207D206200D7F96E /* InputHandler.h */,
				27BD7A0B207D206200D7F96E /* InputHandler.m */,
				27BD7A0D207D23DC00D7F96E /* ScoreKeeper.h */,
				27BD7A0E207D23DC00D7F96E /* ScoreKeeper.m */,
				27BD7A4E207E6EA900D7F96E /* SubtractionQuestion.h */,
				27BD7A4F207E6EA900D7F96E /* SubtractionQuestion.m */,
				27BD7A51207E6EED00D7F96E /* AdditionQuestion.h */,
				27BD7A52207E6EED00D7F96E /* AdditionQuestion.m */,
				27BD7A54207E6F0D00D7F96E /* MultiplicationQuestion.h */,
				27BD7A55207E6F0D00D7F96E /* MultiplicationQuestion.m */,
				27BD7A60207E738900D7F96E /* QuestionFactory.h */,
				27BD7A61207E738900D7F96E /* QuestionFactory.m */,
			);
			path = Maths;
			sourceTree = "<group>";
		};
/* End PBXGroup section */

/* Begin PBXNativeTarget section */
		27BD79FC207D0FA100D7F96E /* Maths */ = {
			isa = PBXNativeTarget;
			buildConfigurationList = 27BD7A04207D0FA100D7F96E /* Build configuration list for PBXNativeTarget "Maths" */;
			buildPhases = (
				27BD79F9207D0FA100D7F96E /* Sources */,
				27BD79FA207D0FA100D7F96E /* Frameworks */,
				27BD79FB207D0FA100D7F96E /* CopyFiles */,
			);
			buildRules = (
			);
			dependencies = (
			);
			name = Maths;
			productName = Maths;
			productReference = 27BD79FD207D0FA100D7F96E /* Maths */;
			productType = "com.apple.product-type.tool";
		};
/* End PBXNativeTarget section */

/* Begin PBXProject section */
		27BD79F5207D0FA100D7F96E /* Project object */ = {
			isa = PBXProject;
			attributes = {
				LastUpgradeCheck = 0920;
				ORGANIZATIONNAME = "Mike Cameron";
				TargetAttributes = {
					27BD79FC207D0FA100D7F96E = {
						CreatedOnToolsVersion = 9.2;
						ProvisioningStyle = Automatic;
					};
				};
			};
			buildConfigurationList = 27BD79F8207D0FA100D7F96E /* Build configuration list for PBXProject "Maths" */;
			compatibilityVersion = "Xcode 8.0";
			developmentRegion = en;
			hasScannedForEncodings = 0;
			knownRegions = (
				en,
			);
			mainGroup = 27BD79F4207D0FA100D7F96E;
			productRefGroup = 27BD79FE207D0FA100D7F96E /* Products */;
			projectDirPath = "";
			projectRoot = "";
			targets = (
				27BD79FC207D0FA100D7F96E /* Maths */,
			);
		};
/* End PBXProject section */

/* Begin PBXSourcesBuildPhase section */
		27BD79F9207D0FA100D7F96E /* Sources */ = {
			isa = PBXSourcesBuildPhase;
			buildActionMask = 2147483647;
			files = (
				27BD7A2E207D9C9900D7F96E /* QuestionManager.m in Sources */,
				27BD7A53207E6EED00D7F96E /* AdditionQuestion.m in Sources */,
				27BD7A50207E6EA900D7F96E /* SubtractionQuestion.m in Sources */,
				27BD7A0F207D23DC00D7F96E /* ScoreKeeper.m in Sources */,
				27BD7A01207D0FA100D7F96E /* main.m in Sources */,
				27BD7A4D207E6CBF00D7F96E /* DivisionQuestion.m in Sources */,
				27BD7A56207E6F0D00D7F96E /* MultiplicationQuestion.m in Sources */,
				27BD7A0C207D206200D7F96E /* InputHandler.m in Sources */,
				27BD7A62207E738900D7F96E /* QuestionFactory.m in Sources */,
				27BD7A09207D114A00D7F96E /* Question.m in Sources */,
			);
			runOnlyForDeploymentPostprocessing = 0;
		};
/* End PBXSourcesBuildPhase section */

/* Begin XCBuildConfiguration section */
		27BD7A02207D0FA100D7F96E /* Debug */ = {
			isa = XCBuildConfiguration;
			buildSettings = {
				ALWAYS_SEARCH_USER_PATHS = NO;
				CLANG_ANALYZER_NONNULL = YES;
				CLANG_ANALYZER_NUMBER_OBJECT_CONVERSION = YES_AGGRESSIVE;
				CLANG_CXX_LANGUAGE_STANDARD = "gnu++14";
				CLANG_CXX_LIBRARY = "libc++";
				CLANG_ENABLE_MODULES = YES;
				CLANG_ENABLE_OBJC_ARC = YES;
				CLANG_WARN_BLOCK_CAPTURE_AUTORELEASING = YES;
				CLANG_WARN_BOOL_CONVERSION = YES;
				CLANG_WARN_COMMA = YES;
				CLANG_WARN_CONSTANT_CONVERSION = YES;
				CLANG_WARN_DIRECT_OBJC_ISA_USAGE = YES_ERROR;
				CLANG_WARN_DOCUMENTATION_COMMENTS = YES;
				CLANG_WARN_EMPTY_BODY = YES;
				CLANG_WARN_ENUM_CONVERSION = YES;
				CLANG_WARN_INFINITE_RECURSION = YES;
				CLANG_WARN_INT_CONVERSION = YES;
				CLANG_WARN_NON_LITERAL_NULL_CONVERSION = YES;
				CLANG_WARN_OBJC_LITERAL_CONVERSION = YES;
				CLANG_WARN_OBJC_ROOT_CLASS = YES_ERROR;
				CLANG_WARN_RANGE_LOOP_ANALYSIS = YES;
				CLANG_WARN_STRICT_PROTOTYPES = YES;
				CLANG_WARN_SUSPICIOUS_MOVE = YES;
				CLANG_WARN_UNGUARDED_AVAILABILITY = YES_AGGRESSIVE;
				CLANG_WARN_UNREACHABLE_CODE = YES;
				CLANG_WARN__DUPLICATE_METHOD_MATCH = YES;
				CODE_SIGN_IDENTITY = "-";
				COPY_PHASE_STRIP = NO;
				DEBUG_INFORMATION_FORMAT = dwarf;
				ENABLE_STRICT_OBJC_MSGSEND = YES;
				ENABLE_TESTABILITY = YES;
				GCC_C_LANGUAGE_STANDARD = gnu11;
				GCC_DYNAMIC_NO_PIC = NO;
				GCC_NO_COMMON_BLOCKS = YES;
				GCC_OPTIMIZATION_LEVEL = 0;
				GCC_PREPROCESSOR_DEFINITIONS = (
					"DEBUG=1",
					"$(inherited)",
				);
				GCC_WARN_64_TO_32_BIT_CONVERSION = YES;
				GCC_WARN_ABOUT_RETURN_TYPE = YES_ERROR;
				GCC_WARN_UNDECLARED_SELECTOR = YES;
				GCC_WARN_UNINITIALIZED_AUTOS = YES_AGGRESSIVE;
				GCC_WARN_UNUSED_FUNCTION = YES;
				GCC_WARN_UNUSED_VARIABLE = YES;
				MACOSX_DEPLOYMENT_TARGET = 10.13;
				MTL_ENABLE_DEBUG_INFO = YES;
				ONLY_ACTIVE_ARCH = YES;
				SDKROOT = macosx;
			};
			name = Debug;
		};
		27BD7A03207D0FA100D7F96E /* Release */ = {
			isa = XCBuildConfiguration;
			buildSettings = {
				ALWAYS_SEARCH_USER_PATHS = NO;
				CLANG_ANALYZER_NONNULL = YES;
				CLANG_ANALYZER_NUMBER_OBJECT_CONVERSION = YES_AGGRESSIVE;
				CLANG_CXX_LANGUAGE_STANDARD = "gnu++14";
				CLANG_CXX_LIBRARY = "libc++";
				CLANG_ENABLE_MODULES = YES;
				CLANG_ENABLE_OBJC_ARC = YES;
				CLANG_WARN_BLOCK_CAPTURE_AUTORELEASING = YES;
				CLANG_WARN_BOOL_CONVERSION = YES;
				CLANG_WARN_COMMA = YES;
				CLANG_WARN_CONSTANT_CONVERSION = YES;
				CLANG_WARN_DIRECT_OBJC_ISA_USAGE = YES_ERROR;
				CLANG_WARN_DOCUMENTATION_COMMENTS = YES;
				CLANG_WARN_EMPTY_BODY = YES;
				CLANG_WARN_ENUM_CONVERSION = YES;
				CLANG_WARN_INFINITE_RECURSION = YES;
				CLANG_WARN_INT_CONVERSION = YES;
				CLANG_WARN_NON_LITERAL_NULL_CONVERSION = YES;
				CLANG_WARN_OBJC_LITERAL_CONVERSION = YES;
				CLANG_WARN_OBJC_ROOT_CLASS = YES_ERROR;
				CLANG_WARN_RANGE_LOOP_ANALYSIS = YES;
				CLANG_WARN_STRICT_PROTOTYPES = YES;
				CLANG_WARN_SUSPICIOUS_MOVE = YES;
				CLANG_WARN_UNGUARDED_AVAILABILITY = YES_AGGRESSIVE;
				CLANG_WARN_UNREACHABLE_CODE = YES;
				CLANG_WARN__DUPLICATE_METHOD_MATCH = YES;
				CODE_SIGN_IDENTITY = "-";
				COPY_PHASE_STRIP = NO;
				DEBUG_INFORMATION_FORMAT = "dwarf-with-dsym";
				ENABLE_NS_ASSERTIONS = NO;
				ENABLE_STRICT_OBJC_MSGSEND = YES;
				GCC_C_LANGUAGE_STANDARD = gnu11;
				GCC_NO_COMMON_BLOCKS = YES;
				GCC_WARN_64_TO_32_BIT_CONVERSION = YES;
				GCC_WARN_ABOUT_RETURN_TYPE = YES_ERROR;
				GCC_WARN_UNDECLARED_SELECTOR = YES;
				GCC_WARN_UNINITIALIZED_AUTOS = YES_AGGRESSIVE;
				GCC_WARN_UNUSED_FUNCTION = YES;
				GCC_WARN_UNUSED_VARIABLE = YES;
				MACOSX_DEPLOYMENT_TARGET = 10.13;
				MTL_ENABLE_DEBUG_INFO = NO;
				SDKROOT = macosx;
			};
			name = Release;
		};
		27BD7A05207D0FA100D7F96E /* Debug */ = {
			isa = XCBuildConfiguration;
			buildSettings = {
				CODE_SIGN_STYLE = Automatic;
				PRODUCT_NAME = "$(TARGET_NAME)";
			};
			name = Debug;
		};
		27BD7A06207D0FA100D7F96E /* Release */ = {
			isa = XCBuildConfiguration;
			buildSettings = {
				CODE_SIGN_STYLE = Automatic;
				PRODUCT_NAME = "$(TARGET_NAME)";
			};
			name = Release;
		};
/* End XCBuildConfiguration section */

/* Begin XCConfigurationList section */
		27BD79F8207D0FA100D7F96E /* Build configuration list for PBXProject "Maths" */ = {
			isa = XCConfigurationList;
			buildConfigurations = (
				27BD7A02207D0FA100D7F96E /* Debug */,
				27BD7A03207D0FA100D7F96E /* Release */,
			);
			defaultConfigurationIsVisible = 0;
			defaultConfigurationName = Release;
		};
		27BD7A04207D0FA100D7F96E /* Build configuration list for PBXNativeTarget "Maths" */ = {
			isa = XCConfigurationList;
			buildConfigurations = (
				27BD7A05207D0FA100D7F96E /* Debug */,
				27BD7A06207D0FA100D7F96E /* Release */,
			);
			defaultConfigurationIsVisible = 0;
			defaultConfigurationName = Release;
		};
/* End XCConfigurationList section */
	};
	rootObject = 27BD79F5207D0FA100D7F96E /* Project object */;
}
